
Microsoft Visual Studio Solution File, Format Version 12.00
# Visual Studio 15
Project("{FAE04EC0-301F-11D3-BF4B-00C04F79EFBC}") = "PhotectorSharp", "PhotectorSharp\PhotectorSharp.csproj", "{B766FA96-F981-48A2-AAE9-CB17B792582A}"
EndProject
Project("{FAE04EC0-301F-11D3-BF4B-00C04F79EFBC}") = "Demo", "Demo\Demo.csproj", "{BC40726F-5D98-4076-A8E8-48B0464977E8}"
EndProject
Project("{FAE04EC0-301F-11D3-BF4B-00C04F79EFBC}") = "FotoapparatSharp", "FotoapparatSharp\FotoapparatSharp.csproj", "{A3F5814C-D2C0-4D03-91C2-77D8CD2887A8}"
EndProject
Project("{FAE04EC0-301F-11D3-BF4B-00C04F79EFBC}") = "ExifInterfaceSharp", "ExifInterfaceSharp\ExifInterfaceSharp.csproj", "{276337C8-1D80-4463-92CD-191080D55885}"
EndProject
Project("{FAE04EC0-301F-11D3-BF4B-00C04F79EFBC}") = "AWSCoreSharp", "AWSCoreSharp\AWSCoreSharp.csproj", "{8B3311D0-DFE7-4EC4-ADF6-0A5DEC08F488}"
EndProject
Project("{FAE04EC0-301F-11D3-BF4B-00C04F79EFBC}") = "AWSMobileClientSharp", "AWSMobileClientSharp\AWSMobileClientSharp.csproj", "{1C77C9B7-4004-4D20-8520-9B9728C0AD02}"
EndProject
Project("{FAE04EC0-301F-11D3-BF4B-00C04F79EFBC}") = "AWSAuthCoreSharp", "AWSAuthCoreSharp\AWSAuthCoreSharp.csproj", "{7EBF7A64-48EB-4B41-AD38-21356D6AEF8A}"
EndProject
Project("{FAE04EC0-301F-11D3-BF4B-00C04F79EFBC}") = "AWSCognitoIdentityProviderSharp", "AWSCognitoIdentityProviderSharp\AWSCognitoIdentityProviderSharp.csproj", "{C6D02BB3-F81F-400D-BA29-6A577A08A700}"
EndProject
Project("{FAE04EC0-301F-11D3-BF4B-00C04F79EFBC}") = "AWSKMSSharp", "AWSKMSSharp\AWSKMSSharp.csproj", "{3B7C7874-9FC6-4D61-885E-FE48991D8B2A}"
EndProject
Project("{FAE04EC0-301F-11D3-BF4B-00C04F79EFBC}") = "AWSS3Sharp", "AWSS3Sharp\AWSS3Sharp.csproj", "{B72651AB-9F43-4D1F-8158-9286721C1121}"
EndProject
Project("{FAE04EC0-301F-11D3-BF4B-00C04F79EFBC}") = "AWSCognitoIdentityProviderASFSharp", "AWSCognitoIdentityProviderASFSharp\AWSCognitoIdentityProviderASFSharp.csproj", "{2A87FA9C-B514-4A93-8570-BA5FDA5B1BE8}"
EndProject
Project("{FAE04EC0-301F-11D3-BF4B-00C04F79EFBC}") = "AWSCognitoAuthSharp", "AWSCognitoAuthSharp\AWSCognitoAuthSharp.csproj", "{67686840-75E1-48FF-8D7C-CF6C0BAB4F12}"
EndProject
Global
	GlobalSection(SolutionConfigurationPlatforms) = preSolution
		Debug|Any CPU = Debug|Any CPU
		Release|Any CPU = Release|Any CPU
	EndGlobalSection
	GlobalSection(ProjectConfigurationPlatforms) = postSolution
		{B766FA96-F981-48A2-AAE9-CB17B792582A}.Debug|Any CPU.ActiveCfg = Debug|Any CPU
		{B766FA96-F981-48A2-AAE9-CB17B792582A}.Debug|Any CPU.Build.0 = Debug|Any CPU
		{B766FA96-F981-48A2-AAE9-CB17B792582A}.Release|Any CPU.ActiveCfg = Release|Any CPU
		{B766FA96-F981-48A2-AAE9-CB17B792582A}.Release|Any CPU.Build.0 = Release|Any CPU
		{BC40726F-5D98-4076-A8E8-48B0464977E8}.Debug|Any CPU.ActiveCfg = Debug|Any CPU
		{BC40726F-5D98-4076-A8E8-48B0464977E8}.Debug|Any CPU.Build.0 = Debug|Any CPU
		{BC40726F-5D98-4076-A8E8-48B0464977E8}.Release|Any CPU.ActiveCfg = Release|Any CPU
		{BC40726F-5D98-4076-A8E8-48B0464977E8}.Release|Any CPU.Build.0 = Release|Any CPU
		{A3F5814C-D2C0-4D03-91C2-77D8CD2887A8}.Debug|Any CPU.ActiveCfg = Debug|Any CPU
		{A3F5814C-D2C0-4D03-91C2-77D8CD2887A8}.Debug|Any CPU.Build.0 = Debug|Any CPU
		{A3F5814C-D2C0-4D03-91C2-77D8CD2887A8}.Release|Any CPU.ActiveCfg = Release|Any CPU
		{A3F5814C-D2C0-4D03-91C2-77D8CD2887A8}.Release|Any CPU.Build.0 = Release|Any CPU
		{276337C8-1D80-4463-92CD-191080D55885}.Debug|Any CPU.ActiveCfg = Debug|Any CPU
		{276337C8-1D80-4463-92CD-191080D55885}.Debug|Any CPU.Build.0 = Debug|Any CPU
		{276337C8-1D80-4463-92CD-191080D55885}.Release|Any CPU.ActiveCfg = Release|Any CPU
		{276337C8-1D80-4463-92CD-191080D55885}.Release|Any CPU.Build.0 = Release|Any CPU
		{8B3311D0-DFE7-4EC4-ADF6-0A5DEC08F488}.Debug|Any CPU.ActiveCfg = Debug|Any CPU
		{8B3311D0-DFE7-4EC4-ADF6-0A5DEC08F488}.Debug|Any CPU.Build.0 = Debug|Any CPU
		{8B3311D0-DFE7-4EC4-ADF6-0A5DEC08F488}.Release|Any CPU.ActiveCfg = Release|Any CPU
		{8B3311D0-DFE7-4EC4-ADF6-0A5DEC08F488}.Release|Any CPU.Build.0 = Release|Any CPU
		{1C77C9B7-4004-4D20-8520-9B9728C0AD02}.Debug|Any CPU.ActiveCfg = Debug|Any CPU
		{1C77C9B7-4004-4D20-8520-9B9728C0AD02}.Debug|Any CPU.Build.0 = Debug|Any CPU
		{1C77C9B7-4004-4D20-8520-9B9728C0AD02}.Release|Any CPU.ActiveCfg = Release|Any CPU
		{1C77C9B7-4004-4D20-8520-9B9728C0AD02}.Release|Any CPU.Build.0 = Release|Any CPU
		{7EBF7A64-48EB-4B41-AD38-21356D6AEF8A}.Debug|Any CPU.ActiveCfg = Debug|Any CPU
		{7EBF7A64-48EB-4B41-AD38-21356D6AEF8A}.Debug|Any CPU.Build.0 = Debug|Any CPU
		{7EBF7A64-48EB-4B41-AD38-21356D6AEF8A}.Release|Any CPU.ActiveCfg = Release|Any CPU
		{7EBF7A64-48EB-4B41-AD38-21356D6AEF8A}.Release|Any CPU.Build.0 = Release|Any CPU
		{C6D02BB3-F81F-400D-BA29-6A577A08A700}.Debug|Any CPU.ActiveCfg = Debug|Any CPU
		{C6D02BB3-F81F-400D-BA29-6A577A08A700}.Debug|Any CPU.Build.0 = Debug|Any CPU
		{C6D02BB3-F81F-400D-BA29-6A577A08A700}.Release|Any CPU.ActiveCfg = Release|Any CPU
		{C6D02BB3-F81F-400D-BA29-6A577A08A700}.Release|Any CPU.Build.0 = Release|Any CPU
		{3B7C7874-9FC6-4D61-885E-FE48991D8B2A}.Debug|Any CPU.ActiveCfg = Debug|Any CPU
		{3B7C7874-9FC6-4D61-885E-FE48991D8B2A}.Debug|Any CPU.Build.0 = Debug|Any CPU
		{3B7C7874-9FC6-4D61-885E-FE48991D8B2A}.Release|Any CPU.ActiveCfg = Release|Any CPU
		{3B7C7874-9FC6-4D61-885E-FE48991D8B2A}.Release|Any CPU.Build.0 = Release|Any CPU
		{B72651AB-9F43-4D1F-8158-9286721C1121}.Debug|Any CPU.ActiveCfg = Debug|Any CPU
		{B72651AB-9F43-4D1F-8158-9286721C1121}.Debug|Any CPU.Build.0 = Debug|Any CPU
		{B72651AB-9F43-4D1F-8158-9286721C1121}.Release|Any CPU.ActiveCfg = Release|Any CPU
		{B72651AB-9F43-4D1F-8158-9286721C1121}.Release|Any CPU.Build.0 = Release|Any CPU
		{2A87FA9C-B514-4A93-8570-BA5FDA5B1BE8}.Debug|Any CPU.ActiveCfg = Debug|Any CPU
		{2A87FA9C-B514-4A93-8570-BA5FDA5B1BE8}.Debug|Any CPU.Build.0 = Debug|Any CPU
		{2A87FA9C-B514-4A93-8570-BA5FDA5B1BE8}.Release|Any CPU.ActiveCfg = Release|Any CPU
		{2A87FA9C-B514-4A93-8570-BA5FDA5B1BE8}.Release|Any CPU.Build.0 = Release|Any CPU
		{67686840-75E1-48FF-8D7C-CF6C0BAB4F12}.Debug|Any CPU.ActiveCfg = Debug|Any CPU
		{67686840-75E1-48FF-8D7C-CF6C0BAB4F12}.Debug|Any CPU.Build.0 = Debug|Any CPU
		{67686840-75E1-48FF-8D7C-CF6C0BAB4F12}.Release|Any CPU.ActiveCfg = Release|Any CPU
		{67686840-75E1-48FF-8D7C-CF6C0BAB4F12}.Release|Any CPU.Build.0 = Release|Any CPU
	EndGlobalSection
EndGlobal
